// !$*UTF8*$!
{
	archiveVersion = 1;
	classes = {
	};
	objectVersion = 56;
	objects = {

/* Begin PBXBuildFile section */
		A52B58EA2B0DFD3C00176472 /* MainMenuView.swift in Sources */ = {isa = PBXBuildFile; fileRef = A52B58E92B0DFD3C00176472 /* MainMenuView.swift */; };
		A52B58EC2B0DFD6D00176472 /* LogInView.swift in Sources */ = {isa = PBXBuildFile; fileRef = A52B58EB2B0DFD6D00176472 /* LogInView.swift */; };
		A57195132B08D55500E4CB3F /* NSApp.swift in Sources */ = {isa = PBXBuildFile; fileRef = A57195122B08D55500E4CB3F /* NSApp.swift */; };
		A57195152B08D55500E4CB3F /* ContentView.swift in Sources */ = {isa = PBXBuildFile; fileRef = A57195142B08D55500E4CB3F /* ContentView.swift */; };
		A57195172B08D55700E4CB3F /* Assets.xcassets in Resources */ = {isa = PBXBuildFile; fileRef = A57195162B08D55700E4CB3F /* Assets.xcassets */; };
		A571951A2B08D55700E4CB3F /* Preview Assets.xcassets in Resources */ = {isa = PBXBuildFile; fileRef = A57195192B08D55700E4CB3F /* Preview Assets.xcassets */; };
		A57195292B08D55800E4CB3F /* NSTests.swift in Sources */ = {isa = PBXBuildFile; fileRef = A57195282B08D55800E4CB3F /* NSTests.swift */; };
		A57195332B08D55800E4CB3F /* NSUITests.swift in Sources */ = {isa = PBXBuildFile; fileRef = A57195322B08D55800E4CB3F /* NSUITests.swift */; };
		A57195352B08D55800E4CB3F /* NSUITestsLaunchTests.swift in Sources */ = {isa = PBXBuildFile; fileRef = A57195342B08D55800E4CB3F /* NSUITestsLaunchTests.swift */; };
		A58DDC192B2299C8005B9E58 /* SHA256.swift in Sources */ = {isa = PBXBuildFile; fileRef = A58DDC182B2299C8005B9E58 /* SHA256.swift */; };
		A58DDC1B2B22A38D005B9E58 /* Test.swift in Sources */ = {isa = PBXBuildFile; fileRef = A58DDC1A2B22A38D005B9E58 /* Test.swift */; };
		A58DDC1E2B232731005B9E58 /* Credentials.swift in Sources */ = {isa = PBXBuildFile; fileRef = A58DDC1D2B232731005B9E58 /* Credentials.swift */; };
		A5ABBBE92B106F2800572327 /* PersonView.swift in Sources */ = {isa = PBXBuildFile; fileRef = A5ABBBE82B106F2800572327 /* PersonView.swift */; };
		A5ABBBEB2B106F3900572327 /* BusView.swift in Sources */ = {isa = PBXBuildFile; fileRef = A5ABBBEA2B106F3900572327 /* BusView.swift */; };
		A5ABBBED2B106F6700572327 /* QR-CodeView.swift in Sources */ = {isa = PBXBuildFile; fileRef = A5ABBBEC2B106F6700572327 /* QR-CodeView.swift */; };
		A5BB01472B0F824C00E3F601 /* Login.swift in Sources */ = {isa = PBXBuildFile; fileRef = A5BB01462B0F824C00E3F601 /* Login.swift */; };
		A5BB01492B0F82A900E3F601 /* UserInfo.swift in Sources */ = {isa = PBXBuildFile; fileRef = A5BB01482B0F82A900E3F601 /* UserInfo.swift */; };
/* End PBXBuildFile section */

/* Begin PBXContainerItemProxy section */
		A57195252B08D55800E4CB3F /* PBXContainerItemProxy */ = {
			isa = PBXContainerItemProxy;
			containerPortal = A57195072B08D55500E4CB3F /* Project object */;
			proxyType = 1;
			remoteGlobalIDString = A571950E2B08D55500E4CB3F;
			remoteInfo = NS;
		};
		A571952F2B08D55800E4CB3F /* PBXContainerItemProxy */ = {
			isa = PBXContainerItemProxy;
			containerPortal = A57195072B08D55500E4CB3F /* Project object */;
			proxyType = 1;
			remoteGlobalIDString = A571950E2B08D55500E4CB3F;
			remoteInfo = NS;
		};
/* End PBXContainerItemProxy section */

/* Begin PBXFileReference section */
		A52B58E92B0DFD3C00176472 /* MainMenuView.swift */ = {isa = PBXFileReference; lastKnownFileType = sourcecode.swift; path = MainMenuView.swift; sourceTree = "<group>"; };
		A52B58EB2B0DFD6D00176472 /* LogInView.swift */ = {isa = PBXFileReference; lastKnownFileType = sourcecode.swift; path = LogInView.swift; sourceTree = "<group>"; };
		A571950F2B08D55500E4CB3F /* NS.app */ = {isa = PBXFileReference; explicitFileType = wrapper.application; includeInIndex = 0; path = NS.app; sourceTree = BUILT_PRODUCTS_DIR; };
		A57195122B08D55500E4CB3F /* NSApp.swift */ = {isa = PBXFileReference; lastKnownFileType = sourcecode.swift; path = NSApp.swift; sourceTree = "<group>"; };
		A57195142B08D55500E4CB3F /* ContentView.swift */ = {isa = PBXFileReference; lastKnownFileType = sourcecode.swift; path = ContentView.swift; sourceTree = "<group>"; };
		A57195162B08D55700E4CB3F /* Assets.xcassets */ = {isa = PBXFileReference; lastKnownFileType = folder.assetcatalog; path = Assets.xcassets; sourceTree = "<group>"; };
		A57195192B08D55700E4CB3F /* Preview Assets.xcassets */ = {isa = PBXFileReference; lastKnownFileType = folder.assetcatalog; path = "Preview Assets.xcassets"; sourceTree = "<group>"; };
		A57195242B08D55800E4CB3F /* NSTests.xctest */ = {isa = PBXFileReference; explicitFileType = wrapper.cfbundle; includeInIndex = 0; path = NSTests.xctest; sourceTree = BUILT_PRODUCTS_DIR; };
		A57195282B08D55800E4CB3F /* NSTests.swift */ = {isa = PBXFileReference; lastKnownFileType = sourcecode.swift; path = NSTests.swift; sourceTree = "<group>"; };
		A571952E2B08D55800E4CB3F /* NSUITests.xctest */ = {isa = PBXFileReference; explicitFileType = wrapper.cfbundle; includeInIndex = 0; path = NSUITests.xctest; sourceTree = BUILT_PRODUCTS_DIR; };
		A57195322B08D55800E4CB3F /* NSUITests.swift */ = {isa = PBXFileReference; lastKnownFileType = sourcecode.swift; path = NSUITests.swift; sourceTree = "<group>"; };
		A57195342B08D55800E4CB3F /* NSUITestsLaunchTests.swift */ = {isa = PBXFileReference; lastKnownFileType = sourcecode.swift; path = NSUITestsLaunchTests.swift; sourceTree = "<group>"; };
		A58DDC182B2299C8005B9E58 /* SHA256.swift */ = {isa = PBXFileReference; lastKnownFileType = sourcecode.swift; path = SHA256.swift; sourceTree = "<group>"; };
		A58DDC1A2B22A38D005B9E58 /* Test.swift */ = {isa = PBXFileReference; lastKnownFileType = sourcecode.swift; path = Test.swift; sourceTree = "<group>"; };
		A58DDC1D2B232731005B9E58 /* Credentials.swift */ = {isa = PBXFileReference; lastKnownFileType = sourcecode.swift; path = Credentials.swift; sourceTree = "<group>"; };
		A5ABBBE82B106F2800572327 /* PersonView.swift */ = {isa = PBXFileReference; lastKnownFileType = sourcecode.swift; path = PersonView.swift; sourceTree = "<group>"; };
		A5ABBBEA2B106F3900572327 /* BusView.swift */ = {isa = PBXFileReference; lastKnownFileType = sourcecode.swift; path = BusView.swift; sourceTree = "<group>"; };
		A5ABBBEC2B106F6700572327 /* QR-CodeView.swift */ = {isa = PBXFileReference; lastKnownFileType = sourcecode.swift; path = "QR-CodeView.swift"; sourceTree = "<group>"; };
		A5BB01462B0F824C00E3F601 /* Login.swift */ = {isa = PBXFileReference; lastKnownFileType = sourcecode.swift; path = Login.swift; sourceTree = "<group>"; };
		A5BB01482B0F82A900E3F601 /* UserInfo.swift */ = {isa = PBXFileReference; lastKnownFileType = sourcecode.swift; path = UserInfo.swift; sourceTree = "<group>"; };
/* End PBXFileReference section */

/* Begin PBXFrameworksBuildPhase section */
		A571950C2B08D55500E4CB3F /* Frameworks */ = {
			isa = PBXFrameworksBuildPhase;
			buildActionMask = 2147483647;
			files = (
			);
			runOnlyForDeploymentPostprocessing = 0;
		};
		A57195212B08D55800E4CB3F /* Frameworks */ = {
			isa = PBXFrameworksBuildPhase;
			buildActionMask = 2147483647;
			files = (
			);
			runOnlyForDeploymentPostprocessing = 0;
		};
		A571952B2B08D55800E4CB3F /* Frameworks */ = {
			isa = PBXFrameworksBuildPhase;
			buildActionMask = 2147483647;
			files = (
			);
			runOnlyForDeploymentPostprocessing = 0;
		};
/* End PBXFrameworksBuildPhase section */

/* Begin PBXGroup section */
		A51E8E3E2B1B637C00F54A0E /* View */ = {
			isa = PBXGroup;
			children = (
				A57195142B08D55500E4CB3F /* ContentView.swift */,
				A52B58EB2B0DFD6D00176472 /* LogInView.swift */,
				A52B58E92B0DFD3C00176472 /* MainMenuView.swift */,
				A5ABBBE82B106F2800572327 /* PersonView.swift */,
				A5ABBBEC2B106F6700572327 /* QR-CodeView.swift */,
				A5ABBBEA2B106F3900572327 /* BusView.swift */,
			);
			path = View;
			sourceTree = "<group>";
		};
		A51E8E432B1B653000F54A0E /* Model NS */ = {
			isa = PBXGroup;
			children = (
				A5BB01482B0F82A900E3F601 /* UserInfo.swift */,
				A58DDC1D2B232731005B9E58 /* Credentials.swift */,
			);
			path = "Model NS";
			sourceTree = "<group>";
		};
		A51E8E442B1B666600F54A0E /* Functions */ = {
			isa = PBXGroup;
			children = (
				A5BB01462B0F824C00E3F601 /* Login.swift */,
				A58DDC182B2299C8005B9E58 /* SHA256.swift */,
				A58DDC1A2B22A38D005B9E58 /* Test.swift */,
			);
			path = Functions;
			sourceTree = "<group>";
		};
		A57195062B08D55500E4CB3F = {
			isa = PBXGroup;
			children = (
				A57195112B08D55500E4CB3F /* NS */,
				A57195272B08D55800E4CB3F /* NSTests */,
				A57195312B08D55800E4CB3F /* NSUITests */,
				A57195102B08D55500E4CB3F /* Products */,
			);
			sourceTree = "<group>";
		};
		A57195102B08D55500E4CB3F /* Products */ = {
			isa = PBXGroup;
			children = (
				A571950F2B08D55500E4CB3F /* NS.app */,
				A57195242B08D55800E4CB3F /* NSTests.xctest */,
				A571952E2B08D55800E4CB3F /* NSUITests.xctest */,
			);
			name = Products;
			sourceTree = "<group>";
		};
		A57195112B08D55500E4CB3F /* NS */ = {
			isa = PBXGroup;
			children = (
				A57195122B08D55500E4CB3F /* NSApp.swift */,
				A51E8E3E2B1B637C00F54A0E /* View */,
				A51E8E442B1B666600F54A0E /* Functions */,
				A51E8E432B1B653000F54A0E /* Model NS */,
				A57195162B08D55700E4CB3F /* Assets.xcassets */,
				A57195182B08D55700E4CB3F /* Preview Content */,
			);
			path = NS;
			sourceTree = "<group>";
		};
		A57195182B08D55700E4CB3F /* Preview Content */ = {
			isa = PBXGroup;
			children = (
				A57195192B08D55700E4CB3F /* Preview Assets.xcassets */,
			);
			path = "Preview Content";
			sourceTree = "<group>";
		};
		A57195272B08D55800E4CB3F /* NSTests */ = {
			isa = PBXGroup;
			children = (
				A57195282B08D55800E4CB3F /* NSTests.swift */,
			);
			path = NSTests;
			sourceTree = "<group>";
		};
		A57195312B08D55800E4CB3F /* NSUITests */ = {
			isa = PBXGroup;
			children = (
				A57195322B08D55800E4CB3F /* NSUITests.swift */,
				A57195342B08D55800E4CB3F /* NSUITestsLaunchTests.swift */,
			);
			path = NSUITests;
			sourceTree = "<group>";
		};
/* End PBXGroup section */

/* Begin PBXNativeTarget section */
		A571950E2B08D55500E4CB3F /* NS */ = {
			isa = PBXNativeTarget;
			buildConfigurationList = A57195382B08D55800E4CB3F /* Build configuration list for PBXNativeTarget "NS" */;
			buildPhases = (
				A571950B2B08D55500E4CB3F /* Sources */,
				A571950C2B08D55500E4CB3F /* Frameworks */,
				A571950D2B08D55500E4CB3F /* Resources */,
			);
			buildRules = (
			);
			dependencies = (
			);
			name = NS;
			productName = NS;
			productReference = A571950F2B08D55500E4CB3F /* NS.app */;
			productType = "com.apple.product-type.application";
		};
		A57195232B08D55800E4CB3F /* NSTests */ = {
			isa = PBXNativeTarget;
			buildConfigurationList = A571953B2B08D55800E4CB3F /* Build configuration list for PBXNativeTarget "NSTests" */;
			buildPhases = (
				A57195202B08D55800E4CB3F /* Sources */,
				A57195212B08D55800E4CB3F /* Frameworks */,
				A57195222B08D55800E4CB3F /* Resources */,
			);
			buildRules = (
			);
			dependencies = (
				A57195262B08D55800E4CB3F /* PBXTargetDependency */,
			);
			name = NSTests;
			productName = NSTests;
			productReference = A57195242B08D55800E4CB3F /* NSTests.xctest */;
			productType = "com.apple.product-type.bundle.unit-test";
		};
		A571952D2B08D55800E4CB3F /* NSUITests */ = {
			isa = PBXNativeTarget;
			buildConfigurationList = A571953E2B08D55800E4CB3F /* Build configuration list for PBXNativeTarget "NSUITests" */;
			buildPhases = (
				A571952A2B08D55800E4CB3F /* Sources */,
				A571952B2B08D55800E4CB3F /* Frameworks */,
				A571952C2B08D55800E4CB3F /* Resources */,
			);
			buildRules = (
			);
			dependencies = (
				A57195302B08D55800E4CB3F /* PBXTargetDependency */,
			);
			name = NSUITests;
			productName = NSUITests;
			productReference = A571952E2B08D55800E4CB3F /* NSUITests.xctest */;
			productType = "com.apple.product-type.bundle.ui-testing";
		};
/* End PBXNativeTarget section */

/* Begin PBXProject section */
		A57195072B08D55500E4CB3F /* Project object */ = {
			isa = PBXProject;
			attributes = {
				BuildIndependentTargetsInParallel = 1;
				LastSwiftUpdateCheck = 1500;
				LastUpgradeCheck = 1500;
				TargetAttributes = {
					A571950E2B08D55500E4CB3F = {
						CreatedOnToolsVersion = 15.0.1;
					};
					A57195232B08D55800E4CB3F = {
						CreatedOnToolsVersion = 15.0.1;
						TestTargetID = A571950E2B08D55500E4CB3F;
					};
					A571952D2B08D55800E4CB3F = {
						CreatedOnToolsVersion = 15.0.1;
						TestTargetID = A571950E2B08D55500E4CB3F;
					};
				};
			};
			buildConfigurationList = A571950A2B08D55500E4CB3F /* Build configuration list for PBXProject "NS" */;
			compatibilityVersion = "Xcode 14.0";
			developmentRegion = en;
			hasScannedForEncodings = 0;
			knownRegions = (
				en,
				Base,
			);
			mainGroup = A57195062B08D55500E4CB3F;
			productRefGroup = A57195102B08D55500E4CB3F /* Products */;
			projectDirPath = "";
			projectRoot = "";
			targets = (
				A571950E2B08D55500E4CB3F /* NS */,
				A57195232B08D55800E4CB3F /* NSTests */,
				A571952D2B08D55800E4CB3F /* NSUITests */,
			);
		};
/* End PBXProject section */

/* Begin PBXResourcesBuildPhase section */
		A571950D2B08D55500E4CB3F /* Resources */ = {
			isa = PBXResourcesBuildPhase;
			buildActionMask = 2147483647;
			files = (
				A571951A2B08D55700E4CB3F /* Preview Assets.xcassets in Resources */,
				A57195172B08D55700E4CB3F /* Assets.xcassets in Resources */,
			);
			runOnlyForDeploymentPostprocessing = 0;
		};
		A57195222B08D55800E4CB3F /* Resources */ = {
			isa = PBXResourcesBuildPhase;
			buildActionMask = 2147483647;
			files = (
			);
			runOnlyForDeploymentPostprocessing = 0;
		};
		A571952C2B08D55800E4CB3F /* Resources */ = {
			isa = PBXResourcesBuildPhase;
			buildActionMask = 2147483647;
			files = (
			);
			runOnlyForDeploymentPostprocessing = 0;
		};
/* End PBXResourcesBuildPhase section */

/* Begin PBXSourcesBuildPhase section */
		A571950B2B08D55500E4CB3F /* Sources */ = {
			isa = PBXSourcesBuildPhase;
			buildActionMask = 2147483647;
			files = (
				A5BB01492B0F82A900E3F601 /* UserInfo.swift in Sources */,
				A5ABBBEB2B106F3900572327 /* BusView.swift in Sources */,
				A52B58EC2B0DFD6D00176472 /* LogInView.swift in Sources */,
				A52B58EA2B0DFD3C00176472 /* MainMenuView.swift in Sources */,
				A5BB01472B0F824C00E3F601 /* Login.swift in Sources */,
				A58DDC1B2B22A38D005B9E58 /* Test.swift in Sources */,
				A58DDC1E2B232731005B9E58 /* Credentials.swift in Sources */,
				A5ABBBE92B106F2800572327 /* PersonView.swift in Sources */,
				A58DDC192B2299C8005B9E58 /* SHA256.swift in Sources */,
				A57195152B08D55500E4CB3F /* ContentView.swift in Sources */,
				A5ABBBED2B106F6700572327 /* QR-CodeView.swift in Sources */,
				A57195132B08D55500E4CB3F /* NSApp.swift in Sources */,
			);
			runOnlyForDeploymentPostprocessing = 0;
		};
		A57195202B08D55800E4CB3F /* Sources */ = {
			isa = PBXSourcesBuildPhase;
			buildActionMask = 2147483647;
			files = (
				A57195292B08D55800E4CB3F /* NSTests.swift in Sources */,
			);
			runOnlyForDeploymentPostprocessing = 0;
		};
		A571952A2B08D55800E4CB3F /* Sources */ = {
			isa = PBXSourcesBuildPhase;
			buildActionMask = 2147483647;
			files = (
				A57195332B08D55800E4CB3F /* NSUITests.swift in Sources */,
				A57195352B08D55800E4CB3F /* NSUITestsLaunchTests.swift in Sources */,
			);
			runOnlyForDeploymentPostprocessing = 0;
		};
/* End PBXSourcesBuildPhase section */

/* Begin PBXTargetDependency section */
		A57195262B08D55800E4CB3F /* PBXTargetDependency */ = {
			isa = PBXTargetDependency;
			target = A571950E2B08D55500E4CB3F /* NS */;
			targetProxy = A57195252B08D55800E4CB3F /* PBXContainerItemProxy */;
		};
		A57195302B08D55800E4CB3F /* PBXTargetDependency */ = {
			isa = PBXTargetDependency;
			target = A571950E2B08D55500E4CB3F /* NS */;
			targetProxy = A571952F2B08D55800E4CB3F /* PBXContainerItemProxy */;
		};
/* End PBXTargetDependency section */

/* Begin XCBuildConfiguration section */
		A57195362B08D55800E4CB3F /* Debug */ = {
			isa = XCBuildConfiguration;
			buildSettings = {
				ALWAYS_SEARCH_USER_PATHS = NO;
				ASSETCATALOG_COMPILER_GENERATE_SWIFT_ASSET_SYMBOL_EXTENSIONS = YES;
				CLANG_ANALYZER_NONNULL = YES;
				CLANG_ANALYZER_NUMBER_OBJECT_CONVERSION = YES_AGGRESSIVE;
				CLANG_CXX_LANGUAGE_STANDARD = "gnu++20";
				CLANG_ENABLE_MODULES = YES;
				CLANG_ENABLE_OBJC_ARC = YES;
				CLANG_ENABLE_OBJC_WEAK = YES;
				CLANG_WARN_BLOCK_CAPTURE_AUTORELEASING = YES;
				CLANG_WARN_BOOL_CONVERSION = YES;
				CLANG_WARN_COMMA = YES;
				CLANG_WARN_CONSTANT_CONVERSION = YES;
				CLANG_WARN_DEPRECATED_OBJC_IMPLEMENTATIONS = YES;
				CLANG_WARN_DIRECT_OBJC_ISA_USAGE = YES_ERROR;
				CLANG_WARN_DOCUMENTATION_COMMENTS = YES;
				CLANG_WARN_EMPTY_BODY = YES;
				CLANG_WARN_ENUM_CONVERSION = YES;
				CLANG_WARN_INFINITE_RECURSION = YES;
				CLANG_WARN_INT_CONVERSION = YES;
				CLANG_WARN_NON_LITERAL_NULL_CONVERSION = YES;
				CLANG_WARN_OBJC_IMPLICIT_RETAIN_SELF = YES;
				CLANG_WARN_OBJC_LITERAL_CONVERSION = YES;
				CLANG_WARN_OBJC_ROOT_CLASS = YES_ERROR;
				CLANG_WARN_QUOTED_INCLUDE_IN_FRAMEWORK_HEADER = YES;
				CLANG_WARN_RANGE_LOOP_ANALYSIS = YES;
				CLANG_WARN_STRICT_PROTOTYPES = YES;
				CLANG_WARN_SUSPICIOUS_MOVE = YES;
				CLANG_WARN_UNGUARDED_AVAILABILITY = YES_AGGRESSIVE;
				CLANG_WARN_UNREACHABLE_CODE = YES;
				CLANG_WARN__DUPLICATE_METHOD_MATCH = YES;
				COPY_PHASE_STRIP = NO;
				DEBUG_INFORMATION_FORMAT = dwarf;
				ENABLE_STRICT_OBJC_MSGSEND = YES;
				ENABLE_TESTABILITY = YES;
				ENABLE_USER_SCRIPT_SANDBOXING = YES;
				GCC_C_LANGUAGE_STANDARD = gnu17;
				GCC_DYNAMIC_NO_PIC = NO;
				GCC_NO_COMMON_BLOCKS = YES;
				GCC_OPTIMIZATION_LEVEL = 0;
				GCC_PREPROCESSOR_DEFINITIONS = (
					"DEBUG=1",
					"$(inherited)",
				);
				GCC_WARN_64_TO_32_BIT_CONVERSION = YES;
				GCC_WARN_ABOUT_RETURN_TYPE = YES_ERROR;
				GCC_WARN_UNDECLARED_SELECTOR = YES;
				GCC_WARN_UNINITIALIZED_AUTOS = YES_AGGRESSIVE;
				GCC_WARN_UNUSED_FUNCTION = YES;
				GCC_WARN_UNUSED_VARIABLE = YES;
				IPHONEOS_DEPLOYMENT_TARGET = 17.0;
				LOCALIZATION_PREFERS_STRING_CATALOGS = YES;
				MTL_ENABLE_DEBUG_INFO = INCLUDE_SOURCE;
				MTL_FAST_MATH = YES;
				ONLY_ACTIVE_ARCH = YES;
				SDKROOT = iphoneos;
				SWIFT_ACTIVE_COMPILATION_CONDITIONS = "DEBUG $(inherited)";
				SWIFT_OPTIMIZATION_LEVEL = "-Onone";
			};
			name = Debug;
		};
		A57195372B08D55800E4CB3F /* Release */ = {
			isa = XCBuildConfiguration;
			buildSettings = {
				ALWAYS_SEARCH_USER_PATHS = NO;
				ASSETCATALOG_COMPILER_GENERATE_SWIFT_ASSET_SYMBOL_EXTENSIONS = YES;
				CLANG_ANALYZER_NONNULL = YES;
				CLANG_ANALYZER_NUMBER_OBJECT_CONVERSION = YES_AGGRESSIVE;
				CLANG_CXX_LANGUAGE_STANDARD = "gnu++20";
				CLANG_ENABLE_MODULES = YES;
				CLANG_ENABLE_OBJC_ARC = YES;
				CLANG_ENABLE_OBJC_WEAK = YES;
				CLANG_WARN_BLOCK_CAPTURE_AUTORELEASING = YES;
				CLANG_WARN_BOOL_CONVERSION = YES;
				CLANG_WARN_COMMA = YES;
				CLANG_WARN_CONSTANT_CONVERSION = YES;
				CLANG_WARN_DEPRECATED_OBJC_IMPLEMENTATIONS = YES;
				CLANG_WARN_DIRECT_OBJC_ISA_USAGE = YES_ERROR;
				CLANG_WARN_DOCUMENTATION_COMMENTS = YES;
				CLANG_WARN_EMPTY_BODY = YES;
				CLANG_WARN_ENUM_CONVERSION = YES;
				CLANG_WARN_INFINITE_RECURSION = YES;
				CLANG_WARN_INT_CONVERSION = YES;
				CLANG_WARN_NON_LITERAL_NULL_CONVERSION = YES;
				CLANG_WARN_OBJC_IMPLICIT_RETAIN_SELF = YES;
				CLANG_WARN_OBJC_LITERAL_CONVERSION = YES;
				CLANG_WARN_OBJC_ROOT_CLASS = YES_ERROR;
				CLANG_WARN_QUOTED_INCLUDE_IN_FRAMEWORK_HEADER = YES;
				CLANG_WARN_RANGE_LOOP_ANALYSIS = YES;
				CLANG_WARN_STRICT_PROTOTYPES = YES;
				CLANG_WARN_SUSPICIOUS_MOVE = YES;
				CLANG_WARN_UNGUARDED_AVAILABILITY = YES_AGGRESSIVE;
				CLANG_WARN_UNREACHABLE_CODE = YES;
				CLANG_WARN__DUPLICATE_METHOD_MATCH = YES;
				COPY_PHASE_STRIP = NO;
				DEBUG_INFORMATION_FORMAT = "dwarf-with-dsym";
				ENABLE_NS_ASSERTIONS = NO;
				ENABLE_STRICT_OBJC_MSGSEND = YES;
				ENABLE_USER_SCRIPT_SANDBOXING = YES;
				GCC_C_LANGUAGE_STANDARD = gnu17;
				GCC_NO_COMMON_BLOCKS = YES;
				GCC_WARN_64_TO_32_BIT_CONVERSION = YES;
				GCC_WARN_ABOUT_RETURN_TYPE = YES_ERROR;
				GCC_WARN_UNDECLARED_SELECTOR = YES;
				GCC_WARN_UNINITIALIZED_AUTOS = YES_AGGRESSIVE;
				GCC_WARN_UNUSED_FUNCTION = YES;
				GCC_WARN_UNUSED_VARIABLE = YES;
				IPHONEOS_DEPLOYMENT_TARGET = 17.0;
				LOCALIZATION_PREFERS_STRING_CATALOGS = YES;
				MTL_ENABLE_DEBUG_INFO = NO;
				MTL_FAST_MATH = YES;
				SDKROOT = iphoneos;
				SWIFT_COMPILATION_MODE = wholemodule;
				VALIDATE_PRODUCT = YES;
			};
			name = Release;
		};
		A57195392B08D55800E4CB3F /* Debug */ = {
			isa = XCBuildConfiguration;
			buildSettings = {
				ASSETCATALOG_COMPILER_APPICON_NAME = AppIcon;
				ASSETCATALOG_COMPILER_GLOBAL_ACCENT_COLOR_NAME = AccentColor;
				CODE_SIGN_STYLE = Automatic;
				CURRENT_PROJECT_VERSION = 1;
				DEVELOPMENT_ASSET_PATHS = "\"NS/Preview Content\"";
				DEVELOPMENT_TEAM = 5MDD4AAJV2;
				ENABLE_PREVIEWS = YES;
				GENERATE_INFOPLIST_FILE = YES;
				INFOPLIST_KEY_UIApplicationSceneManifest_Generation = YES;
				INFOPLIST_KEY_UIApplicationSupportsIndirectInputEvents = YES;
				INFOPLIST_KEY_UILaunchScreen_Generation = YES;
				INFOPLIST_KEY_UISupportedInterfaceOrientations = UIInterfaceOrientationPortrait;
				INFOPLIST_KEY_UISupportedInterfaceOrientations_iPad = "UIInterfaceOrientationLandscapeLeft UIInterfaceOrientationLandscapeRight UIInterfaceOrientationPortrait UIInterfaceOrientationPortraitUpsideDown";
				LD_RUNPATH_SEARCH_PATHS = (
					"$(inherited)",
					"@executable_path/Frameworks",
				);
				MARKETING_VERSION = 1.0;
				PRODUCT_BUNDLE_IDENTIFIER = feip.go.NS;
				PRODUCT_NAME = "$(TARGET_NAME)";
				SWIFT_EMIT_LOC_STRINGS = YES;
				SWIFT_VERSION = 5.0;
				TARGETED_DEVICE_FAMILY = "1,2";
			};
			name = Debug;
		};
		A571953A2B08D55800E4CB3F /* Release */ = {
			isa = XCBuildConfiguration;
			buildSettings = {
				ASSETCATALOG_COMPILER_APPICON_NAME = AppIcon;
				ASSETCATALOG_COMPILER_GLOBAL_ACCENT_COLOR_NAME = AccentColor;
				CODE_SIGN_STYLE = Automatic;
				CURRENT_PROJECT_VERSION = 1;
				DEVELOPMENT_ASSET_PATHS = "\"NS/Preview Content\"";
				DEVELOPMENT_TEAM = 5MDD4AAJV2;
				ENABLE_PREVIEWS = YES;
				GENERATE_INFOPLIST_FILE = YES;
				INFOPLIST_KEY_UIApplicationSceneManifest_Generation = YES;
				INFOPLIST_KEY_UIApplicationSupportsIndirectInputEvents = YES;
				INFOPLIST_KEY_UILaunchScreen_Generation = YES;
				INFOPLIST_KEY_UISupportedInterfaceOrientations = UIInterfaceOrientationPortrait;
				INFOPLIST_KEY_UISupportedInterfaceOrientations_iPad = "UIInterfaceOrientationLandscapeLeft UIInterfaceOrientationLandscapeRight UIInterfaceOrientationPortrait UIInterfaceOrientationPortraitUpsideDown";
				LD_RUNPATH_SEARCH_PATHS = (
					"$(inherited)",
					"@executable_path/Frameworks",
				);
				MARKETING_VERSION = 1.0;
				PRODUCT_BUNDLE_IDENTIFIER = feip.go.NS;
				PRODUCT_NAME = "$(TARGET_NAME)";
				SWIFT_EMIT_LOC_STRINGS = YES;
				SWIFT_VERSION = 5.0;
				TARGETED_DEVICE_FAMILY = "1,2";
			};
			name = Release;
		};
		A571953C2B08D55800E4CB3F /* Debug */ = {
			isa = XCBuildConfiguration;
			buildSettings = {
				ALWAYS_EMBED_SWIFT_STANDARD_LIBRARIES = YES;
				BUNDLE_LOADER = "$(TEST_HOST)";
				CODE_SIGN_STYLE = Automatic;
				CURRENT_PROJECT_VERSION = 1;
				DEVELOPMENT_TEAM = 5MDD4AAJV2;
				GENERATE_INFOPLIST_FILE = YES;
				IPHONEOS_DEPLOYMENT_TARGET = 17.0;
				MARKETING_VERSION = 1.0;
				PRODUCT_BUNDLE_IDENTIFIER = feip.go.NSTests;
				PRODUCT_NAME = "$(TARGET_NAME)";
				SWIFT_EMIT_LOC_STRINGS = NO;
				SWIFT_VERSION = 5.0;
				TARGETED_DEVICE_FAMILY = "1,2";
				TEST_HOST = "$(BUILT_PRODUCTS_DIR)/NS.app/$(BUNDLE_EXECUTABLE_FOLDER_PATH)/NS";
			};
			name = Debug;
		};
		A571953D2B08D55800E4CB3F /* Release */ = {
			isa = XCBuildConfiguration;
			buildSettings = {
				ALWAYS_EMBED_SWIFT_STANDARD_LIBRARIES = YES;
				BUNDLE_LOADER = "$(TEST_HOST)";
				CODE_SIGN_STYLE = Automatic;
				CURRENT_PROJECT_VERSION = 1;
				DEVELOPMENT_TEAM = 5MDD4AAJV2;
				GENERATE_INFOPLIST_FILE = YES;
				IPHONEOS_DEPLOYMENT_TARGET = 17.0;
				MARKETING_VERSION = 1.0;
				PRODUCT_BUNDLE_IDENTIFIER = feip.go.NSTests;
				PRODUCT_NAME = "$(TARGET_NAME)";
				SWIFT_EMIT_LOC_STRINGS = NO;
				SWIFT_VERSION = 5.0;
				TARGETED_DEVICE_FAMILY = "1,2";
				TEST_HOST = "$(BUILT_PRODUCTS_DIR)/NS.app/$(BUNDLE_EXECUTABLE_FOLDER_PATH)/NS";
			};
			name = Release;
		};
		A571953F2B08D55800E4CB3F /* Debug */ = {
			isa = XCBuildConfiguration;
			buildSettings = {
				ALWAYS_EMBED_SWIFT_STANDARD_LIBRARIES = YES;
				CODE_SIGN_STYLE = Automatic;
				CURRENT_PROJECT_VERSION = 1;
				DEVELOPMENT_TEAM = 5MDD4AAJV2;
				GENERATE_INFOPLIST_FILE = YES;
				MARKETING_VERSION = 1.0;
				PRODUCT_BUNDLE_IDENTIFIER = feip.go.NSUITests;
				PRODUCT_NAME = "$(TARGET_NAME)";
				SWIFT_EMIT_LOC_STRINGS = NO;
				SWIFT_VERSION = 5.0;
				TARGETED_DEVICE_FAMILY = "1,2";
				TEST_TARGET_NAME = NS;
			};
			name = Debug;
		};
		A57195402B08D55800E4CB3F /* Release */ = {
			isa = XCBuildConfiguration;
			buildSettings = {
				ALWAYS_EMBED_SWIFT_STANDARD_LIBRARIES = YES;
				CODE_SIGN_STYLE = Automatic;
				CURRENT_PROJECT_VERSION = 1;
				DEVELOPMENT_TEAM = 5MDD4AAJV2;
				GENERATE_INFOPLIST_FILE = YES;
				MARKETING_VERSION = 1.0;
				PRODUCT_BUNDLE_IDENTIFIER = feip.go.NSUITests;
				PRODUCT_NAME = "$(TARGET_NAME)";
				SWIFT_EMIT_LOC_STRINGS = NO;
				SWIFT_VERSION = 5.0;
				TARGETED_DEVICE_FAMILY = "1,2";
				TEST_TARGET_NAME = NS;
			};
			name = Release;
		};
/* End XCBuildConfiguration section */

/* Begin XCConfigurationList section */
		A571950A2B08D55500E4CB3F /* Build configuration list for PBXProject "NS" */ = {
			isa = XCConfigurationList;
			buildConfigurations = (
				A57195362B08D55800E4CB3F /* Debug */,
				A57195372B08D55800E4CB3F /* Release */,
			);
			defaultConfigurationIsVisible = 0;
			defaultConfigurationName = Release;
		};
		A57195382B08D55800E4CB3F /* Build configuration list for PBXNativeTarget "NS" */ = {
			isa = XCConfigurationList;
			buildConfigurations = (
				A57195392B08D55800E4CB3F /* Debug */,
				A571953A2B08D55800E4CB3F /* Release */,
			);
			defaultConfigurationIsVisible = 0;
			defaultConfigurationName = Release;
		};
		A571953B2B08D55800E4CB3F /* Build configuration list for PBXNativeTarget "NSTests" */ = {
			isa = XCConfigurationList;
			buildConfigurations = (
				A571953C2B08D55800E4CB3F /* Debug */,
				A571953D2B08D55800E4CB3F /* Release */,
			);
			defaultConfigurationIsVisible = 0;
			defaultConfigurationName = Release;
		};
		A571953E2B08D55800E4CB3F /* Build configuration list for PBXNativeTarget "NSUITests" */ = {
			isa = XCConfigurationList;
			buildConfigurations = (
				A571953F2B08D55800E4CB3F /* Debug */,
				A57195402B08D55800E4CB3F /* Release */,
			);
			defaultConfigurationIsVisible = 0;
			defaultConfigurationName = Release;
		};
/* End XCConfigurationList section */
	};
	rootObject = A57195072B08D55500E4CB3F /* Project object */;
}
